<?xml version="1.0" encoding="utf-8"?>
<Project ToolsVersion="4.0" xmlns="http://schemas.microsoft.com/developer/msbuild/2003">
  <ItemGroup>
    <Filter Include="소스 파일">
      <UniqueIdentifier>{4FC737F1-C7A5-4376-A066-2A32D752A2FF}</UniqueIdentifier>
      <Extensions>cpp;c;cc;cxx;c++;cppm;ixx;def;odl;idl;hpj;bat;asm;asmx</Extensions>
    </Filter>
    <Filter Include="헤더 파일">
      <UniqueIdentifier>{93995380-89BD-4b04-88EB-625FBE52EBFB}</UniqueIdentifier>
      <Extensions>h;hh;hpp;hxx;h++;hm;inl;inc;ipp;xsd</Extensions>
    </Filter>
    <Filter Include="리소스 파일">
      <UniqueIdentifier>{67DA6AB6-F800-4c08-8B7A-83BB121AAD01}</UniqueIdentifier>
      <Extensions>rc;ico;cur;bmp;dlg;rc2;rct;bin;rgs;gif;jpg;jpeg;jpe;resx;tiff;tif;png;wav;mfcribbon-ms</Extensions>
    </Filter>
  </ItemGroup>
  <ItemGroup>
    <ClCompile Include="7576%28BFS, DFS, 기본%294월 22일.cpp">
      <Filter>소스 파일</Filter>
    </ClCompile>
    <ClCompile Include="2146%28BFS, DFS%294월 21.cpp">
      <Filter>소스 파일</Filter>
    </ClCompile>
    <ClCompile Include="11725%28DFS, 외판원%294월 22일.cpp">
      <Filter>소스 파일</Filter>
    </ClCompile>
    <ClCompile Include="1167%28DFS, 트리의 지름%29.cpp">
      <Filter>소스 파일</Filter>
    </ClCompile>
    <ClCompile Include="1107%28완전탐색%294월 19일.cpp">
      <Filter>소스 파일</Filter>
    </ClCompile>
    <ClCompile Include="10819%28DFS, 순열%294월 22일.cpp">
      <Filter>소스 파일</Filter>
    </ClCompile>
    <ClCompile Include="10971%28DFS, 순열, 완전탐색%294월 22일.cpp">
      <Filter>소스 파일</Filter>
    </ClCompile>
    <ClCompile Include="1697%28BFS, 완전탐색%294월 20일.cpp">
      <Filter>소스 파일</Filter>
    </ClCompile>
    <ClCompile Include="1963%28BFS, 에라토스테네스체%29.cpp">
      <Filter>소스 파일</Filter>
    </ClCompile>
    <ClCompile Include="9019%28구현, BFS, DFS%29.cpp">
      <Filter>소스 파일</Filter>
    </ClCompile>
    <ClCompile Include="1525%28BFS, 문자열%294월 20일.cpp">
      <Filter>소스 파일</Filter>
    </ClCompile>
    <ClCompile Include="2251%28경우의 수, BFS%294월 17일.cpp">
      <Filter>소스 파일</Filter>
    </ClCompile>
    <ClCompile Include="2186%28DFS, DP, 완전탐색%294월 17일.cpp">
      <Filter>소스 파일</Filter>
    </ClCompile>
    <ClCompile Include="1517(합병정렬, 아이디어)4월 20일.cpp">
      <Filter>소스 파일</Filter>
    </ClCompile>
    <ClCompile Include="1463(DP, 기본)4월 23일.cpp">
      <Filter>소스 파일</Filter>
    </ClCompile>
    <ClCompile Include="11053(DP, 기본)4월 23일.cpp">
      <Filter>소스 파일</Filter>
    </ClCompile>
    <ClCompile Include="2011%28DP%294월 23일.cpp">
      <Filter>소스 파일</Filter>
    </ClCompile>
    <ClCompile Include="1520%28DP, DFS, BFS%295월 12일%282%29.cpp">
      <Filter>소스 파일</Filter>
    </ClCompile>
    <ClCompile Include="15486(DP)5월 1일(해결X).cpp">
      <Filter>소스 파일</Filter>
    </ClCompile>
    <ClCompile Include="9251, 9252(DP, LCS) 5월 13일(오답노트)(1)소스.cpp">
      <Filter>소스 파일</Filter>
    </ClCompile>
    <ClCompile Include="11066%28DP%295월 13일%28오답노트%29.cpp">
      <Filter>소스 파일</Filter>
    </ClCompile>
    <ClCompile Include="11049(DP)5월 14일(오답노트X).cpp">
      <Filter>소스 파일</Filter>
    </ClCompile>
    <ClCompile Include="13549(DFS, 우선순위 큐)5월 18일.cpp">
      <Filter>소스 파일</Filter>
    </ClCompile>
    <ClCompile Include="14500(완전탐색, DEPTH)5월 28일.cpp">
      <Filter>소스 파일</Filter>
    </ClCompile>
    <ClCompile Include="2098(완전탐색, 비트마스크, DP) 아직 잘 모르는 문제.cpp">
      <Filter>소스 파일</Filter>
    </ClCompile>
    <ClCompile Include="2504(완전탐색).cpp">
      <Filter>소스 파일</Filter>
    </ClCompile>
    <ClCompile Include="14719(구현, 시뮬레이션)6월 7일.cpp">
      <Filter>소스 파일</Filter>
    </ClCompile>
    <ClCompile Include="1062%28완전 탐색%296월 7일.cpp">
      <Filter>소스 파일</Filter>
    </ClCompile>
    <ClCompile Include="1700(그리디 알고리즘, 아이디어 몰랐음)6월 8일.cpp">
      <Filter>소스 파일</Filter>
    </ClCompile>
    <ClCompile Include="1806(투포인터 알고리즘)6월 10일.cpp">
      <Filter>소스 파일</Filter>
    </ClCompile>
    <ClCompile Include="12100(구현, 시뮬레이션, DFS).cpp">
      <Filter>소스 파일</Filter>
    </ClCompile>
    <ClCompile Include="1149(DP, 기출문제).cpp">
      <Filter>소스 파일</Filter>
    </ClCompile>
    <ClCompile Include="7562(완전탐색).cpp">
      <Filter>소스 파일</Filter>
    </ClCompile>
    <ClCompile Include="2281(DP).cpp">
      <Filter>소스 파일</Filter>
    </ClCompile>
    <ClCompile Include="2023(백트래킹).cpp">
      <Filter>소스 파일</Filter>
    </ClCompile>
    <ClCompile Include="16197(백트래킹).cpp">
      <Filter>소스 파일</Filter>
    </ClCompile>
    <ClCompile Include="5557%28DP%29.cpp">
      <Filter>소스 파일</Filter>
    </ClCompile>
    <ClCompile Include="1292(손풀기).cpp">
      <Filter>소스 파일</Filter>
    </ClCompile>
    <ClCompile Include="3568.cpp">
      <Filter>소스 파일</Filter>
    </ClCompile>
    <ClCompile Include="1237(재미).cpp">
      <Filter>소스 파일</Filter>
    </ClCompile>
    <ClCompile Include="15989%28DP%29.cpp">
      <Filter>소스 파일</Filter>
    </ClCompile>
    <ClCompile Include="14179(구현, 시뮬레이션).cpp">
      <Filter>소스 파일</Filter>
    </ClCompile>
    <ClCompile Include="2252(위상정렬, 그래프).cpp">
      <Filter>소스 파일</Filter>
    </ClCompile>
    <ClCompile Include="1789(수학, 그리디).cpp">
      <Filter>소스 파일</Filter>
    </ClCompile>
    <ClCompile Include="9470%28위상정렬, 그래프%29.cpp">
      <Filter>소스 파일</Filter>
    </ClCompile>
    <ClCompile Include="1005(위상정렬, 그래프).cpp">
      <Filter>소스 파일</Filter>
    </ClCompile>
    <ClCompile Include="2533%28DP, 트리%29.cpp">
      <Filter>소스 파일</Filter>
    </ClCompile>
    <ClCompile Include="14238.cpp">
      <Filter>소스 파일</Filter>
    </ClCompile>
    <ClCompile Include="1038(수학).cpp">
      <Filter>소스 파일</Filter>
    </ClCompile>
    <ClCompile Include="9935(문자열).cpp">
      <Filter>소스 파일</Filter>
    </ClCompile>
    <ClCompile Include="9663(백트래킹).cpp">
      <Filter>소스 파일</Filter>
    </ClCompile>
  </ItemGroup>
</Project>